
Microsoft Visual Studio Solution File, Format Version 12.00
# Visual Studio Version 17
VisualStudioVersion = 17.7.34031.279
MinimumVisualStudioVersion = 10.0.40219.1
Project("{FAE04EC0-301F-11D3-BF4B-00C04F79EFBC}") = "NeonDxLibApi_Sample_WindowMode", "NeonDxLibApi_Sample_WindowMode\NeonDxLibApi_Sample_WindowMode.csproj", "{0FBD32BC-5399-4FDD-9C25-80A3E61C4FAB}"
EndProject
Project("{2150E333-8FDC-42A3-9474-1A3956D46DE8}") = "ソリューション項目", "ソリューション項目", "{BAC95782-9407-4A80-A32F-E0502ACF375B}"
	ProjectSection(SolutionItems) = preProject
		LICENSE = LICENSE
		README.md = README.md
	EndProjectSection
EndProject
Project("{FAE04EC0-301F-11D3-BF4B-00C04F79EFBC}") = "NeonDxLibApi_Sample_FullScreenMode", "NeonDxLibApi_Sample_FullScreenMode\NeonDxLibApi_Sample_FullScreenMode.csproj", "{93C11EA9-8566-4879-BEEA-AB4820D8ED1A}"
EndProject
Global
	GlobalSection(SolutionConfigurationPlatforms) = preSolution
		Debug|Any CPU = Debug|Any CPU
		Release|Any CPU = Release|Any CPU
	EndGlobalSection
	GlobalSection(ProjectConfigurationPlatforms) = postSolution
		{0FBD32BC-5399-4FDD-9C25-80A3E61C4FAB}.Debug|Any CPU.ActiveCfg = Debug|Any CPU
		{0FBD32BC-5399-4FDD-9C25-80A3E61C4FAB}.Debug|Any CPU.Build.0 = Debug|Any CPU
		{0FBD32BC-5399-4FDD-9C25-80A3E61C4FAB}.Release|Any CPU.ActiveCfg = Release|Any CPU
		{0FBD32BC-5399-4FDD-9C25-80A3E61C4FAB}.Release|Any CPU.Build.0 = Release|Any CPU
		{93C11EA9-8566-4879-BEEA-AB4820D8ED1A}.Debug|Any CPU.ActiveCfg = Debug|Any CPU
		{93C11EA9-8566-4879-BEEA-AB4820D8ED1A}.Debug|Any CPU.Build.0 = Debug|Any CPU
		{93C11EA9-8566-4879-BEEA-AB4820D8ED1A}.Release|Any CPU.ActiveCfg = Release|Any CPU
		{93C11EA9-8566-4879-BEEA-AB4820D8ED1A}.Release|Any CPU.Build.0 = Release|Any CPU
	EndGlobalSection
	GlobalSection(SolutionProperties) = preSolution
		HideSolutionNode = FALSE
	EndGlobalSection
	GlobalSection(ExtensibilityGlobals) = postSolution
		SolutionGuid = {741B098E-31CE-4A57-9785-08E0EB85DEA8}
	EndGlobalSection
EndGlobal
